
Microsoft Visual Studio Solution File, Format Version 12.00
# Visual Studio Version 17
VisualStudioVersion = 17.10.34928.147
MinimumVisualStudioVersion = 10.0.40219.1
Project("{FAE04EC0-301F-11D3-BF4B-00C04F79EFBC}") = "DesignBusinessCore", "DesignBusinessCore\DesignBusinessCore.csproj", "{64BCF2D4-7591-4689-9BF0-10169A571476}"
EndProject
Global
	GlobalSection(SolutionConfigurationPlatforms) = preSolution
		Debug|Any CPU = Debug|Any CPU
		Release|Any CPU = Release|Any CPU
	EndGlobalSection
	GlobalSection(ProjectConfigurationPlatforms) = postSolution
		{64BCF2D4-7591-4689-9BF0-10169A571476}.Debug|Any CPU.ActiveCfg = Debug|Any CPU
		{64BCF2D4-7591-4689-9BF0-10169A571476}.Debug|Any CPU.Build.0 = Debug|Any CPU
		{64BCF2D4-7591-4689-9BF0-10169A571476}.Release|Any CPU.ActiveCfg = Release|Any CPU
		{64BCF2D4-7591-4689-9BF0-10169A571476}.Release|Any CPU.Build.0 = Release|Any CPU
	EndGlobalSection
	GlobalSection(SolutionProperties) = preSolution
		HideSolutionNode = FALSE
	EndGlobalSection
	GlobalSection(ExtensibilityGlobals) = postSolution
		SolutionGuid = {7141FE2C-3096-4AD6-BCBE-7345598E5B37}
	EndGlobalSection
EndGlobal
